{
  "name": "final_project_created_data_science_verifcication_left",
  "lockfileVersion": 3,
  "requires": true,
  "packages": {}
}
// git init
// git add .
// git commit -m "Initial commit"
// git branch -M main
// git remote add origin https://github.com/USERNAME/REPO-NAME.git
// git push -u origin main